
Microsoft Visual Studio Solution File, Format Version 12.00
# Visual Studio Version 16
VisualStudioVersion = 16.0.29209.152
MinimumVisualStudioVersion = 10.0.40219.1
Project("{9A19103F-16F7-4668-BE54-9A1E7A4F7556}") = "VncMatrix", "VncMatrix\VncMatrix.csproj", "{AC563FD7-1C20-4401-A107-D6AE8484568A}"
EndProject
Global
	GlobalSection(SolutionConfigurationPlatforms) = preSolution
		Debug|Any CPU = Debug|Any CPU
		Release|Any CPU = Release|Any CPU
	EndGlobalSection
	GlobalSection(ProjectConfigurationPlatforms) = postSolution
		{AC563FD7-1C20-4401-A107-D6AE8484568A}.Debug|Any CPU.ActiveCfg = Debug|Any CPU
		{AC563FD7-1C20-4401-A107-D6AE8484568A}.Debug|Any CPU.Build.0 = Debug|Any CPU
		{AC563FD7-1C20-4401-A107-D6AE8484568A}.Release|Any CPU.ActiveCfg = Release|Any CPU
		{AC563FD7-1C20-4401-A107-D6AE8484568A}.Release|Any CPU.Build.0 = Release|Any CPU
	EndGlobalSection
	GlobalSection(SolutionProperties) = preSolution
		HideSolutionNode = FALSE
	EndGlobalSection
	GlobalSection(ExtensibilityGlobals) = postSolution
		SolutionGuid = {8E8BFC51-465A-4EB6-AF7E-25E8311B5DD5}
	EndGlobalSection
EndGlobal
